
Microsoft Visual Studio Solution File, Format Version 12.00
# Visual Studio Version 16
VisualStudioVersion = 16.0.30907.101
MinimumVisualStudioVersion = 10.0.40219.1
Project("{FAE04EC0-301F-11D3-BF4B-00C04F79EFBC}") = "Tarea002", "Tarea002\Tarea002.csproj", "{FADB7296-574A-4332-BFD1-AB3E3705E299}"
EndProject
Global
	GlobalSection(SolutionConfigurationPlatforms) = preSolution
		Debug|Any CPU = Debug|Any CPU
		Release|Any CPU = Release|Any CPU
	EndGlobalSection
	GlobalSection(ProjectConfigurationPlatforms) = postSolution
		{FADB7296-574A-4332-BFD1-AB3E3705E299}.Debug|Any CPU.ActiveCfg = Debug|Any CPU
		{FADB7296-574A-4332-BFD1-AB3E3705E299}.Debug|Any CPU.Build.0 = Debug|Any CPU
		{FADB7296-574A-4332-BFD1-AB3E3705E299}.Release|Any CPU.ActiveCfg = Release|Any CPU
		{FADB7296-574A-4332-BFD1-AB3E3705E299}.Release|Any CPU.Build.0 = Release|Any CPU
	EndGlobalSection
	GlobalSection(SolutionProperties) = preSolution
		HideSolutionNode = FALSE
	EndGlobalSection
	GlobalSection(ExtensibilityGlobals) = postSolution
		SolutionGuid = {75EDE569-4C92-4D98-8F55-8E22971D929B}
	EndGlobalSection
EndGlobal
